
Microsoft Visual Studio Solution File, Format Version 12.00
# Visual Studio Version 16
VisualStudioVersion = 16.0.29609.76
MinimumVisualStudioVersion = 10.0.40219.1
Project("{9A19103F-16F7-4668-BE54-9A1E7A4F7556}") = "TBZ.AuthenticationService", "TBZ.AuthenticationService\TBZ.AuthenticationService.csproj", "{0CFA1259-D746-437D-BFEF-2EE37F9BBB33}"
EndProject
Project("{9A19103F-16F7-4668-BE54-9A1E7A4F7556}") = "TBZ.DatabaseAccess", "TBZ.DataAccess\TBZ.DatabaseAccess.csproj", "{A5A8F8A5-2F25-45EC-897D-A0F48087B558}"
EndProject
Project("{9A19103F-16F7-4668-BE54-9A1E7A4F7556}") = "TBZ.AuthorizationService", "TBZ.Authorize\TBZ.AuthorizationService.csproj", "{5A5488F5-6054-458A-9662-968863393039}"
EndProject
Project("{9A19103F-16F7-4668-BE54-9A1E7A4F7556}") = "TBZ.ErrorService", "TBZ.ErrorService\TBZ.ErrorService.csproj", "{4C782D95-648D-4D19-8E73-9E4B55886576}"
EndProject
Project("{9A19103F-16F7-4668-BE54-9A1E7A4F7556}") = "TBZ.DatabaseConnectionService", "TBZ.DatabaseConnectionService\TBZ.DatabaseConnectionService.csproj", "{D37A108B-492B-47EC-AA89-846AA0442540}"
EndProject
Project("{9A19103F-16F7-4668-BE54-9A1E7A4F7556}") = "TBZ.LoggingService", "TBZ.LoggingService\TBZ.LoggingService.csproj", "{26BE94DE-2732-46E2-948E-44068C29FC5B}"
EndProject
Project("{9A19103F-16F7-4668-BE54-9A1E7A4F7556}") = "TBZ.RegistrationService", "TBZ.RegistrationService\TBZ.RegistrationService.csproj", "{EE8E9B32-AD99-4E98-88D1-50EE4388526C}"
EndProject
Project("{9A19103F-16F7-4668-BE54-9A1E7A4F7556}") = "TBZ.LoggingTest", "TBZ.LoggingTest\TBZ.LoggingTest.csproj", "{0D876B26-08E7-4CA6-A35A-CD4375E9C90A}"
EndProject
Project("{9A19103F-16F7-4668-BE54-9A1E7A4F7556}") = "TBZ.AuthenticationTest", "TBZ.AuthenticationTest\TBZ.AuthenticationTest.csproj", "{133A9C25-B7B5-43CE-8AA2-50C4BE310380}"
EndProject
Project("{9A19103F-16F7-4668-BE54-9A1E7A4F7556}") = "TBZ.AuthorizationTest", "TBZ.AuthorizationTest\TBZ.AuthorizationTest.csproj", "{C41FE9D8-1541-4003-90B6-127F77EE3192}"
EndProject
Project("{9A19103F-16F7-4668-BE54-9A1E7A4F7556}") = "TBZ.RegistrationTest", "TBZ.RegistrationTest\TBZ.RegistrationTest.csproj", "{96298D53-5712-4F40-A97A-DF94DF783053}"
EndProject
Project("{9A19103F-16F7-4668-BE54-9A1E7A4F7556}") = "TBZ.DatabaseConnectionTest", "TBZ.DatabaseConnectionTest\TBZ.DatabaseConnectionTest.csproj", "{7EDAA6E9-C594-4523-B78C-8D7C7C35D173}"
EndProject
Project("{9A19103F-16F7-4668-BE54-9A1E7A4F7556}") = "TBZ.UserManagementService", "TBZ.UserManagementService\TBZ.UserManagementService.csproj", "{D9C0D3A0-12C8-4048-8166-0B0EE913A2E7}"
EndProject
Project("{9A19103F-16F7-4668-BE54-9A1E7A4F7556}") = "TBZ.UserManagementTest", "TBZ.UserManagementTest\TBZ.UserManagementTest.csproj", "{5E4C6A67-5185-4178-BF32-3927792671B8}"
	ProjectSection(ProjectDependencies) = postProject
		{EEAEB881-A121-4E85-BC59-3B2F75551D2E} = {EEAEB881-A121-4E85-BC59-3B2F75551D2E}
	EndProjectSection
EndProject
Project("{9A19103F-16F7-4668-BE54-9A1E7A4F7556}") = "TBZ.StringChecker", "TBZ.StringChecker\TBZ.StringChecker.csproj", "{6185C2B2-1A4D-47C1-8913-F5DEAB42F494}"
EndProject
Project("{9A19103F-16F7-4668-BE54-9A1E7A4F7556}") = "TBZ.UserManagementManager", "UserManagementManager\TBZ.UserManagementManager.csproj", "{EEAEB881-A121-4E85-BC59-3B2F75551D2E}"
	ProjectSection(ProjectDependencies) = postProject
		{D9C0D3A0-12C8-4048-8166-0B0EE913A2E7} = {D9C0D3A0-12C8-4048-8166-0B0EE913A2E7}
	EndProjectSection
EndProject
Project("{9A19103F-16F7-4668-BE54-9A1E7A4F7556}") = "TBZ.ArchiverService", "TBZ.ArchiverService\TBZ.ArchiverService.csproj", "{9C67E3EF-BB2A-44FF-BEA3-3DBD29531723}"
EndProject
Project("{9A19103F-16F7-4668-BE54-9A1E7A4F7556}") = "TBZ.ArchiverTest", "TBZ.ArchiverTest\TBZ.ArchiverTest.csproj", "{9A1CF201-8C4A-4EC2-924F-69CF6027EA88}"
EndProject
Project("{9A19103F-16F7-4668-BE54-9A1E7A4F7556}") = "TBZ.HashingService", "TBZ.HashingService\TBZ.HashingService.csproj", "{7463C032-3C06-4D52-A7A0-7CFBC443B2C8}"
EndProject
Global
	GlobalSection(SolutionConfigurationPlatforms) = preSolution
		Debug|Any CPU = Debug|Any CPU
		Release|Any CPU = Release|Any CPU
	EndGlobalSection
	GlobalSection(ProjectConfigurationPlatforms) = postSolution
		{0CFA1259-D746-437D-BFEF-2EE37F9BBB33}.Debug|Any CPU.ActiveCfg = Debug|Any CPU
		{0CFA1259-D746-437D-BFEF-2EE37F9BBB33}.Debug|Any CPU.Build.0 = Debug|Any CPU
		{0CFA1259-D746-437D-BFEF-2EE37F9BBB33}.Release|Any CPU.ActiveCfg = Release|Any CPU
		{0CFA1259-D746-437D-BFEF-2EE37F9BBB33}.Release|Any CPU.Build.0 = Release|Any CPU
		{A5A8F8A5-2F25-45EC-897D-A0F48087B558}.Debug|Any CPU.ActiveCfg = Debug|Any CPU
		{A5A8F8A5-2F25-45EC-897D-A0F48087B558}.Debug|Any CPU.Build.0 = Debug|Any CPU
		{A5A8F8A5-2F25-45EC-897D-A0F48087B558}.Release|Any CPU.ActiveCfg = Release|Any CPU
		{A5A8F8A5-2F25-45EC-897D-A0F48087B558}.Release|Any CPU.Build.0 = Release|Any CPU
		{5A5488F5-6054-458A-9662-968863393039}.Debug|Any CPU.ActiveCfg = Debug|Any CPU
		{5A5488F5-6054-458A-9662-968863393039}.Debug|Any CPU.Build.0 = Debug|Any CPU
		{5A5488F5-6054-458A-9662-968863393039}.Release|Any CPU.ActiveCfg = Release|Any CPU
		{5A5488F5-6054-458A-9662-968863393039}.Release|Any CPU.Build.0 = Release|Any CPU
		{4C782D95-648D-4D19-8E73-9E4B55886576}.Debug|Any CPU.ActiveCfg = Debug|Any CPU
		{4C782D95-648D-4D19-8E73-9E4B55886576}.Debug|Any CPU.Build.0 = Debug|Any CPU
		{4C782D95-648D-4D19-8E73-9E4B55886576}.Release|Any CPU.ActiveCfg = Release|Any CPU
		{4C782D95-648D-4D19-8E73-9E4B55886576}.Release|Any CPU.Build.0 = Release|Any CPU
		{D37A108B-492B-47EC-AA89-846AA0442540}.Debug|Any CPU.ActiveCfg = Debug|Any CPU
		{D37A108B-492B-47EC-AA89-846AA0442540}.Debug|Any CPU.Build.0 = Debug|Any CPU
		{D37A108B-492B-47EC-AA89-846AA0442540}.Release|Any CPU.ActiveCfg = Release|Any CPU
		{D37A108B-492B-47EC-AA89-846AA0442540}.Release|Any CPU.Build.0 = Release|Any CPU
		{26BE94DE-2732-46E2-948E-44068C29FC5B}.Debug|Any CPU.ActiveCfg = Debug|Any CPU
		{26BE94DE-2732-46E2-948E-44068C29FC5B}.Debug|Any CPU.Build.0 = Debug|Any CPU
		{26BE94DE-2732-46E2-948E-44068C29FC5B}.Release|Any CPU.ActiveCfg = Release|Any CPU
		{26BE94DE-2732-46E2-948E-44068C29FC5B}.Release|Any CPU.Build.0 = Release|Any CPU
		{EE8E9B32-AD99-4E98-88D1-50EE4388526C}.Debug|Any CPU.ActiveCfg = Debug|Any CPU
		{EE8E9B32-AD99-4E98-88D1-50EE4388526C}.Debug|Any CPU.Build.0 = Debug|Any CPU
		{EE8E9B32-AD99-4E98-88D1-50EE4388526C}.Release|Any CPU.ActiveCfg = Release|Any CPU
		{EE8E9B32-AD99-4E98-88D1-50EE4388526C}.Release|Any CPU.Build.0 = Release|Any CPU
		{0D876B26-08E7-4CA6-A35A-CD4375E9C90A}.Debug|Any CPU.ActiveCfg = Debug|Any CPU
		{0D876B26-08E7-4CA6-A35A-CD4375E9C90A}.Debug|Any CPU.Build.0 = Debug|Any CPU
		{0D876B26-08E7-4CA6-A35A-CD4375E9C90A}.Release|Any CPU.ActiveCfg = Release|Any CPU
		{0D876B26-08E7-4CA6-A35A-CD4375E9C90A}.Release|Any CPU.Build.0 = Release|Any CPU
		{133A9C25-B7B5-43CE-8AA2-50C4BE310380}.Debug|Any CPU.ActiveCfg = Debug|Any CPU
		{133A9C25-B7B5-43CE-8AA2-50C4BE310380}.Debug|Any CPU.Build.0 = Debug|Any CPU
		{133A9C25-B7B5-43CE-8AA2-50C4BE310380}.Release|Any CPU.ActiveCfg = Release|Any CPU
		{133A9C25-B7B5-43CE-8AA2-50C4BE310380}.Release|Any CPU.Build.0 = Release|Any CPU
		{C41FE9D8-1541-4003-90B6-127F77EE3192}.Debug|Any CPU.ActiveCfg = Debug|Any CPU
		{C41FE9D8-1541-4003-90B6-127F77EE3192}.Debug|Any CPU.Build.0 = Debug|Any CPU
		{C41FE9D8-1541-4003-90B6-127F77EE3192}.Release|Any CPU.ActiveCfg = Release|Any CPU
		{C41FE9D8-1541-4003-90B6-127F77EE3192}.Release|Any CPU.Build.0 = Release|Any CPU
		{96298D53-5712-4F40-A97A-DF94DF783053}.Debug|Any CPU.ActiveCfg = Debug|Any CPU
		{96298D53-5712-4F40-A97A-DF94DF783053}.Debug|Any CPU.Build.0 = Debug|Any CPU
		{96298D53-5712-4F40-A97A-DF94DF783053}.Release|Any CPU.ActiveCfg = Release|Any CPU
		{96298D53-5712-4F40-A97A-DF94DF783053}.Release|Any CPU.Build.0 = Release|Any CPU
		{7EDAA6E9-C594-4523-B78C-8D7C7C35D173}.Debug|Any CPU.ActiveCfg = Debug|Any CPU
		{7EDAA6E9-C594-4523-B78C-8D7C7C35D173}.Debug|Any CPU.Build.0 = Debug|Any CPU
		{7EDAA6E9-C594-4523-B78C-8D7C7C35D173}.Release|Any CPU.ActiveCfg = Release|Any CPU
		{7EDAA6E9-C594-4523-B78C-8D7C7C35D173}.Release|Any CPU.Build.0 = Release|Any CPU
		{D9C0D3A0-12C8-4048-8166-0B0EE913A2E7}.Debug|Any CPU.ActiveCfg = Debug|Any CPU
		{D9C0D3A0-12C8-4048-8166-0B0EE913A2E7}.Debug|Any CPU.Build.0 = Debug|Any CPU
		{D9C0D3A0-12C8-4048-8166-0B0EE913A2E7}.Release|Any CPU.ActiveCfg = Release|Any CPU
		{D9C0D3A0-12C8-4048-8166-0B0EE913A2E7}.Release|Any CPU.Build.0 = Release|Any CPU
		{5E4C6A67-5185-4178-BF32-3927792671B8}.Debug|Any CPU.ActiveCfg = Debug|Any CPU
		{5E4C6A67-5185-4178-BF32-3927792671B8}.Debug|Any CPU.Build.0 = Debug|Any CPU
		{5E4C6A67-5185-4178-BF32-3927792671B8}.Release|Any CPU.ActiveCfg = Release|Any CPU
		{5E4C6A67-5185-4178-BF32-3927792671B8}.Release|Any CPU.Build.0 = Release|Any CPU
		{6185C2B2-1A4D-47C1-8913-F5DEAB42F494}.Debug|Any CPU.ActiveCfg = Debug|Any CPU
		{6185C2B2-1A4D-47C1-8913-F5DEAB42F494}.Debug|Any CPU.Build.0 = Debug|Any CPU
		{6185C2B2-1A4D-47C1-8913-F5DEAB42F494}.Release|Any CPU.ActiveCfg = Release|Any CPU
		{6185C2B2-1A4D-47C1-8913-F5DEAB42F494}.Release|Any CPU.Build.0 = Release|Any CPU
		{EEAEB881-A121-4E85-BC59-3B2F75551D2E}.Debug|Any CPU.ActiveCfg = Debug|Any CPU
		{EEAEB881-A121-4E85-BC59-3B2F75551D2E}.Debug|Any CPU.Build.0 = Debug|Any CPU
		{EEAEB881-A121-4E85-BC59-3B2F75551D2E}.Release|Any CPU.ActiveCfg = Release|Any CPU
		{EEAEB881-A121-4E85-BC59-3B2F75551D2E}.Release|Any CPU.Build.0 = Release|Any CPU
		{9C67E3EF-BB2A-44FF-BEA3-3DBD29531723}.Debug|Any CPU.ActiveCfg = Debug|Any CPU
		{9C67E3EF-BB2A-44FF-BEA3-3DBD29531723}.Debug|Any CPU.Build.0 = Debug|Any CPU
		{9C67E3EF-BB2A-44FF-BEA3-3DBD29531723}.Release|Any CPU.ActiveCfg = Release|Any CPU
		{9C67E3EF-BB2A-44FF-BEA3-3DBD29531723}.Release|Any CPU.Build.0 = Release|Any CPU
		{9A1CF201-8C4A-4EC2-924F-69CF6027EA88}.Debug|Any CPU.ActiveCfg = Debug|Any CPU
		{9A1CF201-8C4A-4EC2-924F-69CF6027EA88}.Debug|Any CPU.Build.0 = Debug|Any CPU
		{9A1CF201-8C4A-4EC2-924F-69CF6027EA88}.Release|Any CPU.ActiveCfg = Release|Any CPU
		{9A1CF201-8C4A-4EC2-924F-69CF6027EA88}.Release|Any CPU.Build.0 = Release|Any CPU
		{7463C032-3C06-4D52-A7A0-7CFBC443B2C8}.Debug|Any CPU.ActiveCfg = Debug|Any CPU
		{7463C032-3C06-4D52-A7A0-7CFBC443B2C8}.Debug|Any CPU.Build.0 = Debug|Any CPU
		{7463C032-3C06-4D52-A7A0-7CFBC443B2C8}.Release|Any CPU.ActiveCfg = Release|Any CPU
		{7463C032-3C06-4D52-A7A0-7CFBC443B2C8}.Release|Any CPU.Build.0 = Release|Any CPU
	EndGlobalSection
	GlobalSection(SolutionProperties) = preSolution
		HideSolutionNode = FALSE
	EndGlobalSection
	GlobalSection(ExtensibilityGlobals) = postSolution
		SolutionGuid = {14CFB106-A258-4AE7-B48E-22458A425D71}
	EndGlobalSection
EndGlobal
