
Microsoft Visual Studio Solution File, Format Version 12.00
# Visual Studio Version 16
VisualStudioVersion = 16.0.29503.13
MinimumVisualStudioVersion = 10.0.40219.1
Project("{FAE04EC0-301F-11D3-BF4B-00C04F79EFBC}") = "TBZ.KrakenBracket.Managers", "TBZ.KrakenBracket.Managers\TBZ.KrakenBracket.Managers.csproj", "{16DF5F08-684F-48BD-84FD-0C9E4D58352F}"
	ProjectSection(ProjectDependencies) = postProject
		{9B874C28-3A4E-4F6E-99DD-FDDACA704A61} = {9B874C28-3A4E-4F6E-99DD-FDDACA704A61}
		{C77D5A5D-EBAE-48DD-8BDD-24D95275796B} = {C77D5A5D-EBAE-48DD-8BDD-24D95275796B}
		{D7FEFA9F-16FC-428A-9A17-1490FD2838B5} = {D7FEFA9F-16FC-428A-9A17-1490FD2838B5}
	EndProjectSection
EndProject
Project("{FAE04EC0-301F-11D3-BF4B-00C04F79EFBC}") = "TBZ.KrakenBracket.DataHelpers", "TBZ.KrakenBracket.DataHelpers\TBZ.KrakenBracket.DataHelpers.csproj", "{C77D5A5D-EBAE-48DD-8BDD-24D95275796B}"
EndProject
Project("{FAE04EC0-301F-11D3-BF4B-00C04F79EFBC}") = "TBZ.KrakenBracket.Services", "TBZ.KrakenBracket.Services\TBZ.KrakenBracket.Services.csproj", "{9B874C28-3A4E-4F6E-99DD-FDDACA704A61}"
EndProject
Project("{FAE04EC0-301F-11D3-BF4B-00C04F79EFBC}") = "TBZ.KrakenBracket.DatabaseAccess", "TBZ.KrakenBracket.DatabaseAccess\TBZ.KrakenBracket.DatabaseAccess.csproj", "{D7FEFA9F-16FC-428A-9A17-1490FD2838B5}"
	ProjectSection(ProjectDependencies) = postProject
		{9B874C28-3A4E-4F6E-99DD-FDDACA704A61} = {9B874C28-3A4E-4F6E-99DD-FDDACA704A61}
		{C77D5A5D-EBAE-48DD-8BDD-24D95275796B} = {C77D5A5D-EBAE-48DD-8BDD-24D95275796B}
	EndProjectSection
EndProject
Project("{FAE04EC0-301F-11D3-BF4B-00C04F79EFBC}") = "TBZ.KrakenBracket.Tests", "TBZ.KrakenBracket.Tests\TBZ.KrakenBracket.Tests.csproj", "{6440931E-CD92-42C6-AB84-ED2716404F8C}"
	ProjectSection(ProjectDependencies) = postProject
		{16DF5F08-684F-48BD-84FD-0C9E4D58352F} = {16DF5F08-684F-48BD-84FD-0C9E4D58352F}
		{9B874C28-3A4E-4F6E-99DD-FDDACA704A61} = {9B874C28-3A4E-4F6E-99DD-FDDACA704A61}
		{D7FEFA9F-16FC-428A-9A17-1490FD2838B5} = {D7FEFA9F-16FC-428A-9A17-1490FD2838B5}
	EndProjectSection
EndProject
Global
	GlobalSection(SolutionConfigurationPlatforms) = preSolution
		Debug|Any CPU = Debug|Any CPU
		Release|Any CPU = Release|Any CPU
	EndGlobalSection
	GlobalSection(ProjectConfigurationPlatforms) = postSolution
		{16DF5F08-684F-48BD-84FD-0C9E4D58352F}.Debug|Any CPU.ActiveCfg = Debug|Any CPU
		{16DF5F08-684F-48BD-84FD-0C9E4D58352F}.Debug|Any CPU.Build.0 = Debug|Any CPU
		{16DF5F08-684F-48BD-84FD-0C9E4D58352F}.Release|Any CPU.ActiveCfg = Release|Any CPU
		{16DF5F08-684F-48BD-84FD-0C9E4D58352F}.Release|Any CPU.Build.0 = Release|Any CPU
		{C77D5A5D-EBAE-48DD-8BDD-24D95275796B}.Debug|Any CPU.ActiveCfg = Debug|Any CPU
		{C77D5A5D-EBAE-48DD-8BDD-24D95275796B}.Debug|Any CPU.Build.0 = Debug|Any CPU
		{C77D5A5D-EBAE-48DD-8BDD-24D95275796B}.Release|Any CPU.ActiveCfg = Release|Any CPU
		{C77D5A5D-EBAE-48DD-8BDD-24D95275796B}.Release|Any CPU.Build.0 = Release|Any CPU
		{9B874C28-3A4E-4F6E-99DD-FDDACA704A61}.Debug|Any CPU.ActiveCfg = Debug|Any CPU
		{9B874C28-3A4E-4F6E-99DD-FDDACA704A61}.Debug|Any CPU.Build.0 = Debug|Any CPU
		{9B874C28-3A4E-4F6E-99DD-FDDACA704A61}.Release|Any CPU.ActiveCfg = Release|Any CPU
		{9B874C28-3A4E-4F6E-99DD-FDDACA704A61}.Release|Any CPU.Build.0 = Release|Any CPU
		{D7FEFA9F-16FC-428A-9A17-1490FD2838B5}.Debug|Any CPU.ActiveCfg = Debug|Any CPU
		{D7FEFA9F-16FC-428A-9A17-1490FD2838B5}.Debug|Any CPU.Build.0 = Debug|Any CPU
		{D7FEFA9F-16FC-428A-9A17-1490FD2838B5}.Release|Any CPU.ActiveCfg = Release|Any CPU
		{D7FEFA9F-16FC-428A-9A17-1490FD2838B5}.Release|Any CPU.Build.0 = Release|Any CPU
		{6440931E-CD92-42C6-AB84-ED2716404F8C}.Debug|Any CPU.ActiveCfg = Debug|Any CPU
		{6440931E-CD92-42C6-AB84-ED2716404F8C}.Debug|Any CPU.Build.0 = Debug|Any CPU
		{6440931E-CD92-42C6-AB84-ED2716404F8C}.Release|Any CPU.ActiveCfg = Release|Any CPU
		{6440931E-CD92-42C6-AB84-ED2716404F8C}.Release|Any CPU.Build.0 = Release|Any CPU
	EndGlobalSection
	GlobalSection(SolutionProperties) = preSolution
		HideSolutionNode = FALSE
	EndGlobalSection
	GlobalSection(ExtensibilityGlobals) = postSolution
		SolutionGuid = {14CFB106-A258-4AE7-B48E-22458A425D71}
	EndGlobalSection
EndGlobal
