
Microsoft Visual Studio Solution File, Format Version 12.00
# Visual Studio Version 16
VisualStudioVersion = 16.0.29503.13
MinimumVisualStudioVersion = 10.0.40219.1
Project("{9A19103F-16F7-4668-BE54-9A1E7A4F7556}") = "TBZ.AuthenticationService", "TBZ.AuthenticationService\TBZ.AuthenticationService.csproj", "{0CFA1259-D746-437D-BFEF-2EE37F9BBB33}"
EndProject
Project("{9A19103F-16F7-4668-BE54-9A1E7A4F7556}") = "TBZ.DatabaseAccess", "TBZ.DataAccess\TBZ.DatabaseAccess.csproj", "{A5A8F8A5-2F25-45EC-897D-A0F48087B558}"
EndProject
Project("{9A19103F-16F7-4668-BE54-9A1E7A4F7556}") = "TBZ.AuthorizationService", "TBZ.Authorize\TBZ.AuthorizationService.csproj", "{5A5488F5-6054-458A-9662-968863393039}"
EndProject
Project("{9A19103F-16F7-4668-BE54-9A1E7A4F7556}") = "TBZ.ErrorService", "TBZ.ErrorService\TBZ.ErrorService.csproj", "{4C782D95-648D-4D19-8E73-9E4B55886576}"
EndProject
Project("{9A19103F-16F7-4668-BE54-9A1E7A4F7556}") = "TBZ.DatabaseConnectionService", "TBZ.DatabaseConnectionService\TBZ.DatabaseConnectionService.csproj", "{D37A108B-492B-47EC-AA89-846AA0442540}"
EndProject
Project("{9A19103F-16F7-4668-BE54-9A1E7A4F7556}") = "TBZ.LoggingService", "TBZ.LoggingService\TBZ.LoggingService.csproj", "{26BE94DE-2732-46E2-948E-44068C29FC5B}"
EndProject
Project("{9A19103F-16F7-4668-BE54-9A1E7A4F7556}") = "TBZ.RegistrationService", "TBZ.RegistrationService\TBZ.RegistrationService.csproj", "{EE8E9B32-AD99-4E98-88D1-50EE4388526C}"
EndProject
Project("{9A19103F-16F7-4668-BE54-9A1E7A4F7556}") = "TBZ.LoggingTest", "TBZ.LoggingTest\TBZ.LoggingTest.csproj", "{0D876B26-08E7-4CA6-A35A-CD4375E9C90A}"
EndProject
Project("{9A19103F-16F7-4668-BE54-9A1E7A4F7556}") = "TBZ.AuthenticationTest", "TBZ.AuthenticationTest\TBZ.AuthenticationTest.csproj", "{133A9C25-B7B5-43CE-8AA2-50C4BE310380}"
EndProject
Project("{9A19103F-16F7-4668-BE54-9A1E7A4F7556}") = "TBZ.AuthorizationTest", "TBZ.AuthorizationTest\TBZ.AuthorizationTest.csproj", "{C41FE9D8-1541-4003-90B6-127F77EE3192}"
EndProject
Project("{9A19103F-16F7-4668-BE54-9A1E7A4F7556}") = "TBZ.RegistrationTest", "TBZ.RegistrationTest\TBZ.RegistrationTest.csproj", "{96298D53-5712-4F40-A97A-DF94DF783053}"
EndProject
Project("{9A19103F-16F7-4668-BE54-9A1E7A4F7556}") = "TBZ.DatabaseConnectionTest", "TBZ.DatabaseConnectionTest\TBZ.DatabaseConnectionTest.csproj", "{7EDAA6E9-C594-4523-B78C-8D7C7C35D173}"
EndProject
Project("{9A19103F-16F7-4668-BE54-9A1E7A4F7556}") = "TBZ.ArchivingTest", "TBZ.ArchivingTest\TBZ.ArchivingTest.csproj", "{FB4CF6EF-BD10-42C5-A38D-7374D576FCE0}"
EndProject
Project("{9A19103F-16F7-4668-BE54-9A1E7A4F7556}") = "TBZ.ArchivingService", "TBZ.ArchivingService\TBZ.ArchivingService.csproj", "{F5A91C25-8676-43DB-9EFE-3A92F826DC92}"
EndProject
Project("{9A19103F-16F7-4668-BE54-9A1E7A4F7556}") = "TBZ.UserManagementService", "TBZ.UserManagementService\TBZ.UserManagementService.csproj", "{3374FB73-E346-4644-B541-3535A576C6CE}"
EndProject
Project("{9A19103F-16F7-4668-BE54-9A1E7A4F7556}") = "TBZ.UserManagementTest", "TBZ.UserManagementTest\TBZ.UserManagementTest.csproj", "{64F46403-2E20-41E2-854C-3C266571B882}"
EndProject
Project("{FAE04EC0-301F-11D3-BF4B-00C04F79EFBC}") = "TBZ.UserManagementManager", "TBZ.UserManagementManager\TBZ.UserManagementManager.csproj", "{EB6962CC-F6F3-43F7-B1B4-98629E4E984A}"
EndProject
Project("{FAE04EC0-301F-11D3-BF4B-00C04F79EFBC}") = "TBZ.StringChecker", "TBZ_StringChecker\TBZ.StringChecker.csproj", "{E25258EA-B050-4F81-A4C6-85170318E528}"
EndProject
Global
	GlobalSection(SolutionConfigurationPlatforms) = preSolution
		Debug|Any CPU = Debug|Any CPU
		Release|Any CPU = Release|Any CPU
	EndGlobalSection
	GlobalSection(ProjectConfigurationPlatforms) = postSolution
		{0CFA1259-D746-437D-BFEF-2EE37F9BBB33}.Debug|Any CPU.ActiveCfg = Debug|Any CPU
		{0CFA1259-D746-437D-BFEF-2EE37F9BBB33}.Debug|Any CPU.Build.0 = Debug|Any CPU
		{0CFA1259-D746-437D-BFEF-2EE37F9BBB33}.Release|Any CPU.ActiveCfg = Release|Any CPU
		{0CFA1259-D746-437D-BFEF-2EE37F9BBB33}.Release|Any CPU.Build.0 = Release|Any CPU
		{A5A8F8A5-2F25-45EC-897D-A0F48087B558}.Debug|Any CPU.ActiveCfg = Debug|Any CPU
		{A5A8F8A5-2F25-45EC-897D-A0F48087B558}.Debug|Any CPU.Build.0 = Debug|Any CPU
		{A5A8F8A5-2F25-45EC-897D-A0F48087B558}.Release|Any CPU.ActiveCfg = Release|Any CPU
		{A5A8F8A5-2F25-45EC-897D-A0F48087B558}.Release|Any CPU.Build.0 = Release|Any CPU
		{5A5488F5-6054-458A-9662-968863393039}.Debug|Any CPU.ActiveCfg = Debug|Any CPU
		{5A5488F5-6054-458A-9662-968863393039}.Debug|Any CPU.Build.0 = Debug|Any CPU
		{5A5488F5-6054-458A-9662-968863393039}.Release|Any CPU.ActiveCfg = Release|Any CPU
		{5A5488F5-6054-458A-9662-968863393039}.Release|Any CPU.Build.0 = Release|Any CPU
		{4C782D95-648D-4D19-8E73-9E4B55886576}.Debug|Any CPU.ActiveCfg = Debug|Any CPU
		{4C782D95-648D-4D19-8E73-9E4B55886576}.Debug|Any CPU.Build.0 = Debug|Any CPU
		{4C782D95-648D-4D19-8E73-9E4B55886576}.Release|Any CPU.ActiveCfg = Release|Any CPU
		{4C782D95-648D-4D19-8E73-9E4B55886576}.Release|Any CPU.Build.0 = Release|Any CPU
		{D37A108B-492B-47EC-AA89-846AA0442540}.Debug|Any CPU.ActiveCfg = Debug|Any CPU
		{D37A108B-492B-47EC-AA89-846AA0442540}.Debug|Any CPU.Build.0 = Debug|Any CPU
		{D37A108B-492B-47EC-AA89-846AA0442540}.Release|Any CPU.ActiveCfg = Release|Any CPU
		{D37A108B-492B-47EC-AA89-846AA0442540}.Release|Any CPU.Build.0 = Release|Any CPU
		{26BE94DE-2732-46E2-948E-44068C29FC5B}.Debug|Any CPU.ActiveCfg = Debug|Any CPU
		{26BE94DE-2732-46E2-948E-44068C29FC5B}.Debug|Any CPU.Build.0 = Debug|Any CPU
		{26BE94DE-2732-46E2-948E-44068C29FC5B}.Release|Any CPU.ActiveCfg = Release|Any CPU
		{26BE94DE-2732-46E2-948E-44068C29FC5B}.Release|Any CPU.Build.0 = Release|Any CPU
		{EE8E9B32-AD99-4E98-88D1-50EE4388526C}.Debug|Any CPU.ActiveCfg = Debug|Any CPU
		{EE8E9B32-AD99-4E98-88D1-50EE4388526C}.Debug|Any CPU.Build.0 = Debug|Any CPU
		{EE8E9B32-AD99-4E98-88D1-50EE4388526C}.Release|Any CPU.ActiveCfg = Release|Any CPU
		{EE8E9B32-AD99-4E98-88D1-50EE4388526C}.Release|Any CPU.Build.0 = Release|Any CPU
		{0D876B26-08E7-4CA6-A35A-CD4375E9C90A}.Debug|Any CPU.ActiveCfg = Debug|Any CPU
		{0D876B26-08E7-4CA6-A35A-CD4375E9C90A}.Debug|Any CPU.Build.0 = Debug|Any CPU
		{0D876B26-08E7-4CA6-A35A-CD4375E9C90A}.Release|Any CPU.ActiveCfg = Release|Any CPU
		{0D876B26-08E7-4CA6-A35A-CD4375E9C90A}.Release|Any CPU.Build.0 = Release|Any CPU
		{133A9C25-B7B5-43CE-8AA2-50C4BE310380}.Debug|Any CPU.ActiveCfg = Debug|Any CPU
		{133A9C25-B7B5-43CE-8AA2-50C4BE310380}.Debug|Any CPU.Build.0 = Debug|Any CPU
		{133A9C25-B7B5-43CE-8AA2-50C4BE310380}.Release|Any CPU.ActiveCfg = Release|Any CPU
		{133A9C25-B7B5-43CE-8AA2-50C4BE310380}.Release|Any CPU.Build.0 = Release|Any CPU
		{C41FE9D8-1541-4003-90B6-127F77EE3192}.Debug|Any CPU.ActiveCfg = Debug|Any CPU
		{C41FE9D8-1541-4003-90B6-127F77EE3192}.Debug|Any CPU.Build.0 = Debug|Any CPU
		{C41FE9D8-1541-4003-90B6-127F77EE3192}.Release|Any CPU.ActiveCfg = Release|Any CPU
		{C41FE9D8-1541-4003-90B6-127F77EE3192}.Release|Any CPU.Build.0 = Release|Any CPU
		{96298D53-5712-4F40-A97A-DF94DF783053}.Debug|Any CPU.ActiveCfg = Debug|Any CPU
		{96298D53-5712-4F40-A97A-DF94DF783053}.Debug|Any CPU.Build.0 = Debug|Any CPU
		{96298D53-5712-4F40-A97A-DF94DF783053}.Release|Any CPU.ActiveCfg = Release|Any CPU
		{96298D53-5712-4F40-A97A-DF94DF783053}.Release|Any CPU.Build.0 = Release|Any CPU
		{7EDAA6E9-C594-4523-B78C-8D7C7C35D173}.Debug|Any CPU.ActiveCfg = Debug|Any CPU
		{7EDAA6E9-C594-4523-B78C-8D7C7C35D173}.Debug|Any CPU.Build.0 = Debug|Any CPU
		{7EDAA6E9-C594-4523-B78C-8D7C7C35D173}.Release|Any CPU.ActiveCfg = Release|Any CPU
		{7EDAA6E9-C594-4523-B78C-8D7C7C35D173}.Release|Any CPU.Build.0 = Release|Any CPU
		{FB4CF6EF-BD10-42C5-A38D-7374D576FCE0}.Debug|Any CPU.ActiveCfg = Debug|Any CPU
		{FB4CF6EF-BD10-42C5-A38D-7374D576FCE0}.Debug|Any CPU.Build.0 = Debug|Any CPU
		{FB4CF6EF-BD10-42C5-A38D-7374D576FCE0}.Release|Any CPU.ActiveCfg = Release|Any CPU
		{FB4CF6EF-BD10-42C5-A38D-7374D576FCE0}.Release|Any CPU.Build.0 = Release|Any CPU
		{F5A91C25-8676-43DB-9EFE-3A92F826DC92}.Debug|Any CPU.ActiveCfg = Debug|Any CPU
		{F5A91C25-8676-43DB-9EFE-3A92F826DC92}.Debug|Any CPU.Build.0 = Debug|Any CPU
		{F5A91C25-8676-43DB-9EFE-3A92F826DC92}.Release|Any CPU.ActiveCfg = Release|Any CPU
		{F5A91C25-8676-43DB-9EFE-3A92F826DC92}.Release|Any CPU.Build.0 = Release|Any CPU
		{3374FB73-E346-4644-B541-3535A576C6CE}.Debug|Any CPU.ActiveCfg = Debug|Any CPU
		{3374FB73-E346-4644-B541-3535A576C6CE}.Debug|Any CPU.Build.0 = Debug|Any CPU
		{3374FB73-E346-4644-B541-3535A576C6CE}.Release|Any CPU.ActiveCfg = Release|Any CPU
		{3374FB73-E346-4644-B541-3535A576C6CE}.Release|Any CPU.Build.0 = Release|Any CPU
		{64F46403-2E20-41E2-854C-3C266571B882}.Debug|Any CPU.ActiveCfg = Debug|Any CPU
		{64F46403-2E20-41E2-854C-3C266571B882}.Debug|Any CPU.Build.0 = Debug|Any CPU
		{64F46403-2E20-41E2-854C-3C266571B882}.Release|Any CPU.ActiveCfg = Release|Any CPU
		{64F46403-2E20-41E2-854C-3C266571B882}.Release|Any CPU.Build.0 = Release|Any CPU
		{EB6962CC-F6F3-43F7-B1B4-98629E4E984A}.Debug|Any CPU.ActiveCfg = Debug|Any CPU
		{EB6962CC-F6F3-43F7-B1B4-98629E4E984A}.Debug|Any CPU.Build.0 = Debug|Any CPU
		{EB6962CC-F6F3-43F7-B1B4-98629E4E984A}.Release|Any CPU.ActiveCfg = Release|Any CPU
		{EB6962CC-F6F3-43F7-B1B4-98629E4E984A}.Release|Any CPU.Build.0 = Release|Any CPU
		{E25258EA-B050-4F81-A4C6-85170318E528}.Debug|Any CPU.ActiveCfg = Debug|Any CPU
		{E25258EA-B050-4F81-A4C6-85170318E528}.Debug|Any CPU.Build.0 = Debug|Any CPU
		{E25258EA-B050-4F81-A4C6-85170318E528}.Release|Any CPU.ActiveCfg = Release|Any CPU
		{E25258EA-B050-4F81-A4C6-85170318E528}.Release|Any CPU.Build.0 = Release|Any CPU
	EndGlobalSection
	GlobalSection(SolutionProperties) = preSolution
		HideSolutionNode = FALSE
	EndGlobalSection
	GlobalSection(ExtensibilityGlobals) = postSolution
		SolutionGuid = {14CFB106-A258-4AE7-B48E-22458A425D71}
	EndGlobalSection
EndGlobal
