
Microsoft Visual Studio Solution File, Format Version 12.00
# Visual Studio Version 16
VisualStudioVersion = 16.0.29519.87
MinimumVisualStudioVersion = 10.0.40219.1
Project("{FAE04EC0-301F-11D3-BF4B-00C04F79EFBC}") = "TBZ_Authorization.Test", "TBZ_Authorization.Test.csproj", "{74F79C50-E61E-456E-A24B-48898A1D1187}"
EndProject
Project("{9A19103F-16F7-4668-BE54-9A1E7A4F7556}") = "TBZ_DataAccess", "..\TBZ_Authentication\TBZ_DataAccess\TBZ_DataAccess.csproj", "{BC44FECA-C714-4572-A167-A5CC5B0DA2CB}"
EndProject
Project("{9A19103F-16F7-4668-BE54-9A1E7A4F7556}") = "TBZ_AuthenticationService", "..\TBZ_Authentication\TBZ_AuthenticationService\TBZ_AuthenticationService.csproj", "{89E2290E-F978-42EF-BD92-C3472F103399}"
EndProject
Project("{FAE04EC0-301F-11D3-BF4B-00C04F79EFBC}") = "TBZ_AuthorizationService", "..\AuthorizationService\TBZ_AuthorizationService.csproj", "{5B337AFF-E615-4330-A8C3-BD0545FF9872}"
EndProject
Global
	GlobalSection(SolutionConfigurationPlatforms) = preSolution
		Debug|Any CPU = Debug|Any CPU
		Release|Any CPU = Release|Any CPU
	EndGlobalSection
	GlobalSection(ProjectConfigurationPlatforms) = postSolution
		{74F79C50-E61E-456E-A24B-48898A1D1187}.Debug|Any CPU.ActiveCfg = Debug|Any CPU
		{74F79C50-E61E-456E-A24B-48898A1D1187}.Debug|Any CPU.Build.0 = Debug|Any CPU
		{74F79C50-E61E-456E-A24B-48898A1D1187}.Release|Any CPU.ActiveCfg = Release|Any CPU
		{74F79C50-E61E-456E-A24B-48898A1D1187}.Release|Any CPU.Build.0 = Release|Any CPU
		{BC44FECA-C714-4572-A167-A5CC5B0DA2CB}.Debug|Any CPU.ActiveCfg = Debug|Any CPU
		{BC44FECA-C714-4572-A167-A5CC5B0DA2CB}.Debug|Any CPU.Build.0 = Debug|Any CPU
		{BC44FECA-C714-4572-A167-A5CC5B0DA2CB}.Release|Any CPU.ActiveCfg = Release|Any CPU
		{BC44FECA-C714-4572-A167-A5CC5B0DA2CB}.Release|Any CPU.Build.0 = Release|Any CPU
		{89E2290E-F978-42EF-BD92-C3472F103399}.Debug|Any CPU.ActiveCfg = Debug|Any CPU
		{89E2290E-F978-42EF-BD92-C3472F103399}.Debug|Any CPU.Build.0 = Debug|Any CPU
		{89E2290E-F978-42EF-BD92-C3472F103399}.Release|Any CPU.ActiveCfg = Release|Any CPU
		{89E2290E-F978-42EF-BD92-C3472F103399}.Release|Any CPU.Build.0 = Release|Any CPU
		{5B337AFF-E615-4330-A8C3-BD0545FF9872}.Debug|Any CPU.ActiveCfg = Debug|Any CPU
		{5B337AFF-E615-4330-A8C3-BD0545FF9872}.Debug|Any CPU.Build.0 = Debug|Any CPU
		{5B337AFF-E615-4330-A8C3-BD0545FF9872}.Release|Any CPU.ActiveCfg = Release|Any CPU
		{5B337AFF-E615-4330-A8C3-BD0545FF9872}.Release|Any CPU.Build.0 = Release|Any CPU
	EndGlobalSection
	GlobalSection(SolutionProperties) = preSolution
		HideSolutionNode = FALSE
	EndGlobalSection
	GlobalSection(ExtensibilityGlobals) = postSolution
		SolutionGuid = {8AC9BFDE-B5D8-4AE7-847D-10311B3BCB81}
	EndGlobalSection
EndGlobal
