
Microsoft Visual Studio Solution File, Format Version 12.00
# Visual Studio 15
Project("{FAE04EC0-301F-11D3-BF4B-00C04F79EFBC}") = "TBZ_ArchivingTest", "TBZ_ArchivingTest\TBZ_ArchivingTest.csproj", "{0746E8B9-0830-40FD-930A-F37A85E93CD0}"
EndProject
Project("{FAE04EC0-301F-11D3-BF4B-00C04F79EFBC}") = "TBZ_Archiving", "TBZ_Archiving\TBZ_Archiving.csproj", "{2A70B91A-7D3E-4EE4-A1FF-BAEEA2966E92}"
EndProject
Global
	GlobalSection(SolutionConfigurationPlatforms) = preSolution
		Debug|Any CPU = Debug|Any CPU
		Release|Any CPU = Release|Any CPU
	EndGlobalSection
	GlobalSection(ProjectConfigurationPlatforms) = postSolution
		{0746E8B9-0830-40FD-930A-F37A85E93CD0}.Debug|Any CPU.ActiveCfg = Debug|Any CPU
		{0746E8B9-0830-40FD-930A-F37A85E93CD0}.Debug|Any CPU.Build.0 = Debug|Any CPU
		{0746E8B9-0830-40FD-930A-F37A85E93CD0}.Release|Any CPU.ActiveCfg = Release|Any CPU
		{0746E8B9-0830-40FD-930A-F37A85E93CD0}.Release|Any CPU.Build.0 = Release|Any CPU
		{2A70B91A-7D3E-4EE4-A1FF-BAEEA2966E92}.Debug|Any CPU.ActiveCfg = Debug|Any CPU
		{2A70B91A-7D3E-4EE4-A1FF-BAEEA2966E92}.Debug|Any CPU.Build.0 = Debug|Any CPU
		{2A70B91A-7D3E-4EE4-A1FF-BAEEA2966E92}.Release|Any CPU.ActiveCfg = Release|Any CPU
		{2A70B91A-7D3E-4EE4-A1FF-BAEEA2966E92}.Release|Any CPU.Build.0 = Release|Any CPU
	EndGlobalSection
EndGlobal
