
Microsoft Visual Studio Solution File, Format Version 12.00
# Visual Studio Version 16
VisualStudioVersion = 16.0.29503.13
MinimumVisualStudioVersion = 10.0.40219.1
Project("{FAE04EC0-301F-11D3-BF4B-00C04F79EFBC}") = "Authentication.Tests", "Authentication.Tests\Authentication.Tests.csproj", "{348A3F45-88B9-440D-8979-37F3EC03F039}"
EndProject
Project("{FAE04EC0-301F-11D3-BF4B-00C04F79EFBC}") = "AuthenticationService", "AuthenticationService\AuthenticationService.csproj", "{0714E7B4-9B93-4396-B3FA-AF8A31E7B64E}"
EndProject
Global
	GlobalSection(SolutionConfigurationPlatforms) = preSolution
		Debug|Any CPU = Debug|Any CPU
		Release|Any CPU = Release|Any CPU
	EndGlobalSection
	GlobalSection(ProjectConfigurationPlatforms) = postSolution
		{348A3F45-88B9-440D-8979-37F3EC03F039}.Debug|Any CPU.ActiveCfg = Debug|Any CPU
		{348A3F45-88B9-440D-8979-37F3EC03F039}.Debug|Any CPU.Build.0 = Debug|Any CPU
		{348A3F45-88B9-440D-8979-37F3EC03F039}.Release|Any CPU.ActiveCfg = Release|Any CPU
		{348A3F45-88B9-440D-8979-37F3EC03F039}.Release|Any CPU.Build.0 = Release|Any CPU
		{0714E7B4-9B93-4396-B3FA-AF8A31E7B64E}.Debug|Any CPU.ActiveCfg = Debug|Any CPU
		{0714E7B4-9B93-4396-B3FA-AF8A31E7B64E}.Debug|Any CPU.Build.0 = Debug|Any CPU
		{0714E7B4-9B93-4396-B3FA-AF8A31E7B64E}.Release|Any CPU.ActiveCfg = Release|Any CPU
		{0714E7B4-9B93-4396-B3FA-AF8A31E7B64E}.Release|Any CPU.Build.0 = Release|Any CPU
	EndGlobalSection
	GlobalSection(SolutionProperties) = preSolution
		HideSolutionNode = FALSE
	EndGlobalSection
	GlobalSection(ExtensibilityGlobals) = postSolution
		SolutionGuid = {D3328377-A3D6-44E7-8CCD-C56362F90542}
	EndGlobalSection
EndGlobal
